{
  "name": "mp-co-link",
  "version": "1.0.0",
  "lockfileVersion": 1,
  "requires": true,
  "dependencies": {
    "wx-miniprogram-modal": {
      "version": "1.0.9",
      "resolved": "https://registry.nlark.com/wx-miniprogram-modal/download/wx-miniprogram-modal-1.0.9.tgz",
      "integrity": "sha1-rQt0oNG/Kf6PyYLaDpRaQ1HZMgk="
    }
  }
}
